
Microsoft Visual Studio Solution File, Format Version 12.00
# Visual Studio 15
VisualStudioVersion = 15.0.27703.2042
MinimumVisualStudioVersion = 10.0.40219.1
Project("{FAE04EC0-301F-11D3-BF4B-00C04F79EFBC}") = "ListApplicationFinal.Android", "ListApplicationFinal\ListApplicationFinal.Android\ListApplicationFinal.Android.csproj", "{D344E6F6-A1BB-449D-B3ED-2C752352DF78}"
EndProject
Project("{9A19103F-16F7-4668-BE54-9A1E7A4F7556}") = "ListApplicationFinal", "ListApplicationFinal\ListApplicationFinal\ListApplicationFinal.csproj", "{6DBBA8F5-3503-4F91-8FDF-3C1123A4DD3A}"
EndProject
Project("{FAE04EC0-301F-11D3-BF4B-00C04F79EFBC}") = "DialogServices", "DialogServices\DialogServices.csproj", "{D04FC54B-2DFC-4F16-8089-87E24F70AEB6}"
EndProject
Global
	GlobalSection(SolutionConfigurationPlatforms) = preSolution
		Debug|Any CPU = Debug|Any CPU
		Release|Any CPU = Release|Any CPU
	EndGlobalSection
	GlobalSection(ProjectConfigurationPlatforms) = postSolution
		{D344E6F6-A1BB-449D-B3ED-2C752352DF78}.Debug|Any CPU.ActiveCfg = Debug|Any CPU
		{D344E6F6-A1BB-449D-B3ED-2C752352DF78}.Debug|Any CPU.Build.0 = Debug|Any CPU
		{D344E6F6-A1BB-449D-B3ED-2C752352DF78}.Debug|Any CPU.Deploy.0 = Debug|Any CPU
		{D344E6F6-A1BB-449D-B3ED-2C752352DF78}.Release|Any CPU.ActiveCfg = Release|Any CPU
		{D344E6F6-A1BB-449D-B3ED-2C752352DF78}.Release|Any CPU.Build.0 = Release|Any CPU
		{D344E6F6-A1BB-449D-B3ED-2C752352DF78}.Release|Any CPU.Deploy.0 = Release|Any CPU
		{6DBBA8F5-3503-4F91-8FDF-3C1123A4DD3A}.Debug|Any CPU.ActiveCfg = Debug|Any CPU
		{6DBBA8F5-3503-4F91-8FDF-3C1123A4DD3A}.Debug|Any CPU.Build.0 = Debug|Any CPU
		{6DBBA8F5-3503-4F91-8FDF-3C1123A4DD3A}.Debug|Any CPU.Deploy.0 = Debug|Any CPU
		{6DBBA8F5-3503-4F91-8FDF-3C1123A4DD3A}.Release|Any CPU.ActiveCfg = Release|Any CPU
		{6DBBA8F5-3503-4F91-8FDF-3C1123A4DD3A}.Release|Any CPU.Build.0 = Release|Any CPU
		{6DBBA8F5-3503-4F91-8FDF-3C1123A4DD3A}.Release|Any CPU.Deploy.0 = Release|Any CPU
		{D04FC54B-2DFC-4F16-8089-87E24F70AEB6}.Debug|Any CPU.ActiveCfg = Debug|Any CPU
		{D04FC54B-2DFC-4F16-8089-87E24F70AEB6}.Debug|Any CPU.Build.0 = Debug|Any CPU
		{D04FC54B-2DFC-4F16-8089-87E24F70AEB6}.Release|Any CPU.ActiveCfg = Release|Any CPU
		{D04FC54B-2DFC-4F16-8089-87E24F70AEB6}.Release|Any CPU.Build.0 = Release|Any CPU
	EndGlobalSection
	GlobalSection(SolutionProperties) = preSolution
		HideSolutionNode = FALSE
	EndGlobalSection
	GlobalSection(ExtensibilityGlobals) = postSolution
		SolutionGuid = {85A732EF-16F1-4CF9-A1FB-018B1BBD818C}
	EndGlobalSection
EndGlobal
